
Microsoft Visual Studio Solution File, Format Version 12.00
# Visual Studio 2012
Project("{E24C65DC-7377-472B-9ABA-BC803B73C61A}") = "wlkc2", ".", "{957DE8FE-F57E-4CAD-A2B3-7EAC384ECE99}"
	ProjectSection(WebsiteProperties) = preProject
		TargetFrameworkMoniker = ".NETFramework,Version%3Dv2.0"
		Debug.AspNetCompiler.VirtualPath = "/wlkc2"
		Debug.AspNetCompiler.PhysicalPath = "D:\wlkc2\"
		Debug.AspNetCompiler.TargetPath = "PrecompiledWeb\wlkc2\"
		Debug.AspNetCompiler.Updateable = "true"
		Debug.AspNetCompiler.ForceOverwrite = "true"
		Debug.AspNetCompiler.FixedNames = "false"
		Debug.AspNetCompiler.Debug = "True"
		Release.AspNetCompiler.VirtualPath = "/wlkc2"
		Release.AspNetCompiler.PhysicalPath = "D:\wlkc2\"
		Release.AspNetCompiler.TargetPath = "PrecompiledWeb\wlkc2\"
		Release.AspNetCompiler.Updateable = "true"
		Release.AspNetCompiler.ForceOverwrite = "true"
		Release.AspNetCompiler.FixedNames = "false"
		Release.AspNetCompiler.Debug = "False"
		VWDPort = "2662"
	EndProjectSection
EndProject
Global
	GlobalSection(SolutionConfigurationPlatforms) = preSolution
		Debug|Any CPU = Debug|Any CPU
	EndGlobalSection
	GlobalSection(ProjectConfigurationPlatforms) = postSolution
		{957DE8FE-F57E-4CAD-A2B3-7EAC384ECE99}.Debug|Any CPU.ActiveCfg = Debug|Any CPU
		{957DE8FE-F57E-4CAD-A2B3-7EAC384ECE99}.Debug|Any CPU.Build.0 = Debug|Any CPU
	EndGlobalSection
	GlobalSection(SolutionProperties) = preSolution
		HideSolutionNode = FALSE
	EndGlobalSection
EndGlobal
